# THIS IS AN AUTOGENERATED FILE. DO NOT EDIT THIS FILE DIRECTLY.
# yarn lockfile v1


cookie-es@^3.1.1:
  version "3.1.1"
  resolved "https://registry.yarnpkg.com/cookie-es/-/cookie-es-3.1.1.tgz#c4a8a16cf88cb5a185b23f4a61d6e9a85eb53287"
  integrity sha512-UaXxwISYJPTr9hwQxMFYZ7kNhSXboMXP+Z3TRX6f1/NyaGPfuNUZOWP1pUEb75B2HjfklIYLVRfWiFZJyC6Npg==

react-router@^8.3.1:
  version "8.3.1"
  resolved "https://registry.yarnpkg.com/react-router/-/react-router-8.3.1.tgz#d704ca5a564e2bc89ce05a537ab577578e947b7b"
  integrity sha512-TEOpiO2g0TJHEOJeRVv4amUFun9v1npCKszvcquNvzETUtJ8udV86ah5eFoHT7g26bsBvT6EiIhqulR8eDF++A==
  dependencies:
    cookie-es "^3.1.1"
